
Microsoft Visual Studio Solution File, Format Version 12.00
# Visual Studio Version 17
VisualStudioVersion = 17.2.32505.173
MinimumVisualStudioVersion = 10.0.40219.1
Project("{9A19103F-16F7-4668-BE54-9A1E7A4F7556}") = "PaymentGateway.Api", "PaymentGateway.Api\PaymentGateway.Api.csproj", "{6799D42C-CE8F-4D81-95EF-64992E879F35}"
EndProject
Project("{9A19103F-16F7-4668-BE54-9A1E7A4F7556}") = "PaymentGateway.Application", "PaymentGateway.Application\PaymentGateway.Application.csproj", "{A5DEB24B-F5F7-4333-A000-59CE89155577}"
EndProject
Project("{9A19103F-16F7-4668-BE54-9A1E7A4F7556}") = "PaymentGateway.Domain", "PaymentGateway.Domain\PaymentGateway.Domain.csproj", "{5363AA6A-CA44-42F2-99A4-57DD8DE00C96}"
EndProject
Project("{9A19103F-16F7-4668-BE54-9A1E7A4F7556}") = "PaymentGateway.Infrastructure", "PaymentGateway.Infrastructure\PaymentGateway.Infrastructure.csproj", "{24FD7549-2C98-4700-AA4A-BDD42EB23A8B}"
EndProject
Project("{9A19103F-16F7-4668-BE54-9A1E7A4F7556}") = "PaymentGateway.UnitTests", "PaymentGateway.UnitTests\PaymentGateway.UnitTests.csproj", "{59BC9BDD-AF5C-41F4-9BC2-1DF76B13B44E}"
EndProject
Project("{9A19103F-16F7-4668-BE54-9A1E7A4F7556}") = "PaymentGateway.IntegrationTests", "PaymentGateway.IntegrationTests\PaymentGateway.IntegrationTests.csproj", "{623D9C25-7E00-45FB-A55E-6A154A98BB04}"
EndProject
Project("{2150E333-8FDC-42A3-9474-1A3956D46DE8}") = "Source", "Source", "{D64977FB-1393-4DEB-92F4-83F70C0C4737}"
EndProject
Project("{2150E333-8FDC-42A3-9474-1A3956D46DE8}") = "Tests", "Tests", "{BC0DD7C8-6E3A-4B57-A7B1-0ADA92665DB7}"
EndProject
Global
	GlobalSection(SolutionConfigurationPlatforms) = preSolution
		Debug|Any CPU = Debug|Any CPU
		Release|Any CPU = Release|Any CPU
	EndGlobalSection
	GlobalSection(ProjectConfigurationPlatforms) = postSolution
		{6799D42C-CE8F-4D81-95EF-64992E879F35}.Debug|Any CPU.ActiveCfg = Debug|Any CPU
		{6799D42C-CE8F-4D81-95EF-64992E879F35}.Debug|Any CPU.Build.0 = Debug|Any CPU
		{6799D42C-CE8F-4D81-95EF-64992E879F35}.Release|Any CPU.ActiveCfg = Release|Any CPU
		{6799D42C-CE8F-4D81-95EF-64992E879F35}.Release|Any CPU.Build.0 = Release|Any CPU
		{A5DEB24B-F5F7-4333-A000-59CE89155577}.Debug|Any CPU.ActiveCfg = Debug|Any CPU
		{A5DEB24B-F5F7-4333-A000-59CE89155577}.Debug|Any CPU.Build.0 = Debug|Any CPU
		{A5DEB24B-F5F7-4333-A000-59CE89155577}.Release|Any CPU.ActiveCfg = Release|Any CPU
		{A5DEB24B-F5F7-4333-A000-59CE89155577}.Release|Any CPU.Build.0 = Release|Any CPU
		{5363AA6A-CA44-42F2-99A4-57DD8DE00C96}.Debug|Any CPU.ActiveCfg = Debug|Any CPU
		{5363AA6A-CA44-42F2-99A4-57DD8DE00C96}.Debug|Any CPU.Build.0 = Debug|Any CPU
		{5363AA6A-CA44-42F2-99A4-57DD8DE00C96}.Release|Any CPU.ActiveCfg = Release|Any CPU
		{5363AA6A-CA44-42F2-99A4-57DD8DE00C96}.Release|Any CPU.Build.0 = Release|Any CPU
		{24FD7549-2C98-4700-AA4A-BDD42EB23A8B}.Debug|Any CPU.ActiveCfg = Debug|Any CPU
		{24FD7549-2C98-4700-AA4A-BDD42EB23A8B}.Debug|Any CPU.Build.0 = Debug|Any CPU
		{24FD7549-2C98-4700-AA4A-BDD42EB23A8B}.Release|Any CPU.ActiveCfg = Release|Any CPU
		{24FD7549-2C98-4700-AA4A-BDD42EB23A8B}.Release|Any CPU.Build.0 = Release|Any CPU
		{59BC9BDD-AF5C-41F4-9BC2-1DF76B13B44E}.Debug|Any CPU.ActiveCfg = Debug|Any CPU
		{59BC9BDD-AF5C-41F4-9BC2-1DF76B13B44E}.Debug|Any CPU.Build.0 = Debug|Any CPU
		{59BC9BDD-AF5C-41F4-9BC2-1DF76B13B44E}.Release|Any CPU.ActiveCfg = Release|Any CPU
		{59BC9BDD-AF5C-41F4-9BC2-1DF76B13B44E}.Release|Any CPU.Build.0 = Release|Any CPU
		{623D9C25-7E00-45FB-A55E-6A154A98BB04}.Debug|Any CPU.ActiveCfg = Debug|Any CPU
		{623D9C25-7E00-45FB-A55E-6A154A98BB04}.Debug|Any CPU.Build.0 = Debug|Any CPU
		{623D9C25-7E00-45FB-A55E-6A154A98BB04}.Release|Any CPU.ActiveCfg = Release|Any CPU
		{623D9C25-7E00-45FB-A55E-6A154A98BB04}.Release|Any CPU.Build.0 = Release|Any CPU
	EndGlobalSection
	GlobalSection(SolutionProperties) = preSolution
		HideSolutionNode = FALSE
	EndGlobalSection
	GlobalSection(NestedProjects) = preSolution
		{6799D42C-CE8F-4D81-95EF-64992E879F35} = {D64977FB-1393-4DEB-92F4-83F70C0C4737}
		{A5DEB24B-F5F7-4333-A000-59CE89155577} = {D64977FB-1393-4DEB-92F4-83F70C0C4737}
		{5363AA6A-CA44-42F2-99A4-57DD8DE00C96} = {D64977FB-1393-4DEB-92F4-83F70C0C4737}
		{24FD7549-2C98-4700-AA4A-BDD42EB23A8B} = {D64977FB-1393-4DEB-92F4-83F70C0C4737}
		{59BC9BDD-AF5C-41F4-9BC2-1DF76B13B44E} = {BC0DD7C8-6E3A-4B57-A7B1-0ADA92665DB7}
		{623D9C25-7E00-45FB-A55E-6A154A98BB04} = {BC0DD7C8-6E3A-4B57-A7B1-0ADA92665DB7}
	EndGlobalSection
	GlobalSection(ExtensibilityGlobals) = postSolution
		SolutionGuid = {3D34E048-8F91-4852-81D4-1CC777FAA7AA}
	EndGlobalSection
EndGlobal
